
Microsoft Visual Studio Solution File, Format Version 12.00
# Visual Studio 15
VisualStudioVersion = 15.0.28010.2036
MinimumVisualStudioVersion = 10.0.40219.1
Project("{9A19103F-16F7-4668-BE54-9A1E7A4F7556}") = "HW1", "HW1.csproj", "{668660F8-FBAC-435C-A165-4375FB083E8B}"
EndProject
Global
	GlobalSection(SolutionConfigurationPlatforms) = preSolution
		Debug|Any CPU = Debug|Any CPU
		Release|Any CPU = Release|Any CPU
	EndGlobalSection
	GlobalSection(ProjectConfigurationPlatforms) = postSolution
		{668660F8-FBAC-435C-A165-4375FB083E8B}.Debug|Any CPU.ActiveCfg = Debug|Any CPU
		{668660F8-FBAC-435C-A165-4375FB083E8B}.Debug|Any CPU.Build.0 = Debug|Any CPU
		{668660F8-FBAC-435C-A165-4375FB083E8B}.Release|Any CPU.ActiveCfg = Release|Any CPU
		{668660F8-FBAC-435C-A165-4375FB083E8B}.Release|Any CPU.Build.0 = Release|Any CPU
	EndGlobalSection
	GlobalSection(SolutionProperties) = preSolution
		HideSolutionNode = FALSE
	EndGlobalSection
	GlobalSection(ExtensibilityGlobals) = postSolution
		SolutionGuid = {8BC925FF-B7A0-49C7-968E-20585E8BCF17}
	EndGlobalSection
EndGlobal
